Microsoft Visual Studio Solution File, Format Version 12.00
# Visual Studio 2012
Project("{FAE04EC0-301F-11D3-BF4B-00C04F79EFBC}") = "Uno With Guns", "Uno With Guns.csproj", "{AB0C44DE-EF39-4F4D-9BC4-9F6DD6490FA1}"
EndProject
Global
	GlobalSection(SolutionConfigurationPlatforms) = preSolution
	Debug|Any CPU = Debug|Any CPU
	ExportDebug|Any CPU = ExportDebug|Any CPU
	ExportRelease|Any CPU = ExportRelease|Any CPU
	EndGlobalSection
	GlobalSection(ProjectConfigurationPlatforms) = postSolution
		{AB0C44DE-EF39-4F4D-9BC4-9F6DD6490FA1}.Debug|Any CPU.ActiveCfg = Debug|Any CPU
		{AB0C44DE-EF39-4F4D-9BC4-9F6DD6490FA1}.Debug|Any CPU.Build.0 = Debug|Any CPU
		{AB0C44DE-EF39-4F4D-9BC4-9F6DD6490FA1}.ExportDebug|Any CPU.ActiveCfg = ExportDebug|Any CPU
		{AB0C44DE-EF39-4F4D-9BC4-9F6DD6490FA1}.ExportDebug|Any CPU.Build.0 = ExportDebug|Any CPU
		{AB0C44DE-EF39-4F4D-9BC4-9F6DD6490FA1}.ExportRelease|Any CPU.ActiveCfg = ExportRelease|Any CPU
		{AB0C44DE-EF39-4F4D-9BC4-9F6DD6490FA1}.ExportRelease|Any CPU.Build.0 = ExportRelease|Any CPU
	EndGlobalSection
EndGlobal
